DEPENDENCIES
  virtualbox
    path: .
    metadata: true

GRAPH
  apache2 (5.0.1)
  apt (6.1.4)
  dmg (4.1.0)
  ohai (5.2.1)
  virtualbox (0.2.1)
    virtualbox-install (>= 0.0.0)
  virtualbox-install (2.0.0)
    apache2 (>= 0.0.0)
    apt (>= 0.0.0)
    dmg (>= 0.0.0)
    windows (>= 0.0.0)
  windows (3.4.4)
    ohai (>= 4.0.0)
